
Microsoft Visual Studio Solution File, Format Version 12.00
# Visual Studio Version 17
VisualStudioVersion = 17.10.35004.147
MinimumVisualStudioVersion = 10.0.40219.1
Project("{9A19103F-16F7-4668-BE54-9A1E7A4F7556}") = "Clinica_SePrise", "Clinica_SePrise.csproj", "{1DFCB383-BE88-4411-BBF1-833AFFE85496}"
EndProject
Global
	GlobalSection(SolutionConfigurationPlatforms) = preSolution
		Debug|Any CPU = Debug|Any CPU
		Release|Any CPU = Release|Any CPU
	EndGlobalSection
	GlobalSection(ProjectConfigurationPlatforms) = postSolution
		{1DFCB383-BE88-4411-BBF1-833AFFE85496}.Debug|Any CPU.ActiveCfg = Debug|Any CPU
		{1DFCB383-BE88-4411-BBF1-833AFFE85496}.Debug|Any CPU.Build.0 = Debug|Any CPU
		{1DFCB383-BE88-4411-BBF1-833AFFE85496}.Release|Any CPU.ActiveCfg = Debug|Any CPU
		{1DFCB383-BE88-4411-BBF1-833AFFE85496}.Release|Any CPU.Build.0 = Debug|Any CPU
	EndGlobalSection
	GlobalSection(SolutionProperties) = preSolution
		HideSolutionNode = FALSE
	EndGlobalSection
	GlobalSection(ExtensibilityGlobals) = postSolution
		SolutionGuid = {5DE6E442-414E-4D27-9C00-6100E9C3BFE2}
	EndGlobalSection
EndGlobal
